
Microsoft Visual Studio Solution File, Format Version 12.00
# Visual Studio Version 17
VisualStudioVersion = 17.4.33110.190
MinimumVisualStudioVersion = 10.0.40219.1
Project("{FAE04EC0-301F-11D3-BF4B-00C04F79EFBC}") = "EDSimulator", "EDSimulator\EDSimulator.csproj", "{56F975D5-07CC-4CD8-8F5D-70BAD078CC82}"
EndProject
Global
	GlobalSection(SolutionConfigurationPlatforms) = preSolution
		Debug|Any CPU = Debug|Any CPU
		Release|Any CPU = Release|Any CPU
	EndGlobalSection
	GlobalSection(ProjectConfigurationPlatforms) = postSolution
		{56F975D5-07CC-4CD8-8F5D-70BAD078CC82}.Debug|Any CPU.ActiveCfg = Debug|Any CPU
		{56F975D5-07CC-4CD8-8F5D-70BAD078CC82}.Debug|Any CPU.Build.0 = Debug|Any CPU
		{56F975D5-07CC-4CD8-8F5D-70BAD078CC82}.Release|Any CPU.ActiveCfg = Release|Any CPU
		{56F975D5-07CC-4CD8-8F5D-70BAD078CC82}.Release|Any CPU.Build.0 = Release|Any CPU
	EndGlobalSection
	GlobalSection(SolutionProperties) = preSolution
		HideSolutionNode = FALSE
	EndGlobalSection
	GlobalSection(ExtensibilityGlobals) = postSolution
		SolutionGuid = {FBCB5730-10DE-4EF9-9754-3408A202366B}
	EndGlobalSection
EndGlobal
